{
  "requires": true,
  "lockfileVersion": 1,
  "dependencies": {
    "simple-icons": {
      "version": "6.18.0",
      "resolved": "https://registry.npmjs.org/simple-icons/-/simple-icons-6.18.0.tgz",
      "integrity": "sha512-79Wf1RK7ir1FOu2lofayWDgrlR9sIhc0UXWQ/gZ6wtTW/fGtgFslcsFULL2l0c+WPW8lA1vM4HOWY/9VI5YMNw=="
    }
  }
}
